<?xml version="1.0" encoding="utf-8"?>
<Project ToolsVersion="4.0" xmlns="http://schemas.microsoft.com/developer/msbuild/2003">
  <ItemGroup>
    <Filter Include="Source Files">
      <UniqueIdentifier>{4FC737F1-C7A5-4376-A066-2A32D752A2FF}</UniqueIdentifier>
      <Extensions>cpp;c;cc;cxx;def;odl;idl;hpj;bat;asm;asmx</Extensions>
    </Filter>
    <Filter Include="Header Files">
      <UniqueIdentifier>{93995380-89BD-4b04-88EB-625FBE52EBFB}</UniqueIdentifier>
      <Extensions>h;hh;hpp;hxx;hm;inl;inc;xsd</Extensions>
    </Filter>
    <Filter Include="Resource Files">
      <UniqueIdentifier>{67DA6AB6-F800-4c08-8B7A-83BB121AAD01}</UniqueIdentifier>
      <Extensions>rc;ico;cur;bmp;dlg;rc2;rct;bin;rgs;gif;jpg;jpeg;jpe;resx;tiff;tif;png;wav;mfcribbon-ms</Extensions>
    </Filter>
  </ItemGroup>
  <ItemGroup>
    <ClInclude Include="include\dlflaux\DLFLConnect.h">
      <Filter>Header Files</Filter>
    </ClInclude>
    <ClInclude Include="include\dlflaux\DLFLConvexHull.h">
      <Filter>Header Files</Filter>
    </ClInclude>
    <ClInclude Include="include\dlflaux\DLFLCrust.h">
      <Filter>Header Files</Filter>
    </ClInclude>
    <ClInclude Include="include\dlflaux\DLFLDual.h">
      <Filter>Header Files</Filter>
    </ClInclude>
    <ClInclude Include="include\dlflaux\DLFLExtrude.h">
      <Filter>Header Files</Filter>
    </ClInclude>
    <ClInclude Include="include\dlflaux\DLFLMeshSmooth.h">
      <Filter>Header Files</Filter>
    </ClInclude>
    <ClInclude Include="include\dlflaux\DLFLMultiConnect.h">
      <Filter>Header Files</Filter>
    </ClInclude>
    <ClInclude Include="include\dlflaux\DLFLSculpting.h">
      <Filter>Header Files</Filter>
    </ClInclude>
    <ClInclude Include="include\dlflaux\DLFLSubdiv.h">
      <Filter>Header Files</Filter>
    </ClInclude>
    <ClInclude Include="include\dlflaux\DLFLCast.h">
      <Filter>Header Files</Filter>
    </ClInclude>
  </ItemGroup>
  <ItemGroup>
    <ClCompile Include="include\dlflaux\DLFLConvexHull.cc">
      <Filter>Source Files</Filter>
    </ClCompile>
    <ClCompile Include="include\dlflaux\DLFLCrust.cc">
      <Filter>Source Files</Filter>
    </ClCompile>
    <ClCompile Include="include\dlflaux\DLFLDual.cc">
      <Filter>Source Files</Filter>
    </ClCompile>
    <ClCompile Include="include\dlflaux\DLFLExtrude.cc">
      <Filter>Source Files</Filter>
    </ClCompile>
    <ClCompile Include="include\dlflaux\DLFLMeshSmooth.cc">
      <Filter>Source Files</Filter>
    </ClCompile>
    <ClCompile Include="include\dlflaux\DLFLMultiConnect.cc">
      <Filter>Source Files</Filter>
    </ClCompile>
    <ClCompile Include="include\dlflaux\DLFLSculpting.cc">
      <Filter>Source Files</Filter>
    </ClCompile>
    <ClCompile Include="include\dlflaux\DLFLSubdiv.cc">
      <Filter>Source Files</Filter>
    </ClCompile>
    <ClCompile Include="include\dlflaux\DLFLCast.cc">
      <Filter>Source Files</Filter>
    </ClCompile>
    <ClCompile Include="include\dlflaux\DLFLConnect.cc">
      <Filter>Source Files</Filter>
    </ClCompile>
  </ItemGroup>
</Project>