<?xml version="1.0" encoding="utf-8"?>
<Project ToolsVersion="4.0" xmlns="http://schemas.microsoft.com/developer/msbuild/2003">
  <ItemGroup>
    <Filter Include="Source Files">
      <UniqueIdentifier>{4FC737F1-C7A5-4376-A066-2A32D752A2FF}</UniqueIdentifier>
      <Extensions>cpp;c;cc;cxx;def;odl;idl;hpj;bat;asm;asmx</Extensions>
    </Filter>
    <Filter Include="Header Files">
      <UniqueIdentifier>{93995380-89BD-4b04-88EB-625FBE52EBFB}</UniqueIdentifier>
      <Extensions>h;hh;hpp;hxx;hm;inl;inc;xsd</Extensions>
    </Filter>
    <Filter Include="Resource Files">
      <UniqueIdentifier>{D9D6E242-F8AF-46E4-B9FD-80ECBC20BA3E}</UniqueIdentifier>
      <Extensions>qrc;*</Extensions>
      <ParseFiles>false</ParseFiles>
    </Filter>
    <Filter Include="Form Files">
      <UniqueIdentifier>{99349809-55BA-4b9d-BF79-8FDBB0286EB3}</UniqueIdentifier>
      <Extensions>ui</Extensions>
    </Filter>
    <Filter Include="Resource Files">
      <UniqueIdentifier>{D9D6E242-F8AF-46E4-B9FD-80ECBC20BA3E}</UniqueIdentifier>
      <Extensions>qrc;*</Extensions>
      <ParseFiles>false</ParseFiles>
    </Filter>
    <Filter Include="Generated Files">
      <UniqueIdentifier>{71ED8ED8-ACB9-4CE9-BBE1-E00B30144E11}</UniqueIdentifier>
      <Extensions>moc;h;cpp</Extensions>
      <SourceControlFiles>False</SourceControlFiles>
    </Filter>
    <Filter Include="Source Files\include">
      <UniqueIdentifier>{d80f9e14-dbf5-4bef-bceb-e6f97ca07763}</UniqueIdentifier>
    </Filter>
    <Filter Include="Header Files\Base">
      <UniqueIdentifier>{8f802ddd-3fa3-49f6-aab3-7cd65fd8098c}</UniqueIdentifier>
    </Filter>
    <Filter Include="Header Files\Graphics">
      <UniqueIdentifier>{008f8f7a-ef35-4e55-8914-0efb401517cf}</UniqueIdentifier>
    </Filter>
    <Filter Include="Header Files\include">
      <UniqueIdentifier>{028b6a82-a726-40bd-915e-da7d9e0bd4df}</UniqueIdentifier>
    </Filter>
    <Filter Include="Header Files\Light">
      <UniqueIdentifier>{18b793ae-791c-4b74-a7ad-9693af8088f4}</UniqueIdentifier>
    </Filter>
    <Filter Include="Generated Files\Debug">
      <UniqueIdentifier>{deedbcb1-fef6-44b7-8328-5801e34f6e98}</UniqueIdentifier>
    </Filter>
    <Filter Include="Generated Files\Release">
      <UniqueIdentifier>{6ec50b37-52bb-4d7c-8d46-fc1901b7c9be}</UniqueIdentifier>
    </Filter>
    <Filter Include="Header Files\Renderer">
      <UniqueIdentifier>{a43a7c51-6d55-4886-b9da-6602b939fbcd}</UniqueIdentifier>
    </Filter>
    <Filter Include="Source Files\Renderer">
      <UniqueIdentifier>{5ee777c2-690b-4c84-acb5-482175300c90}</UniqueIdentifier>
    </Filter>
  </ItemGroup>
  <ItemGroup>
    <ClCompile Include="include\Camera3.cc">
      <Filter>Source Files\include</Filter>
    </ClCompile>
    <ClCompile Include="src\CgData.cc">
      <Filter>Source Files</Filter>
    </ClCompile>
    <ClCompile Include="src\CommandCompleter.cc">
      <Filter>Source Files</Filter>
    </ClCompile>
    <ClCompile Include="src\ConicalMode.cc">
      <Filter>Source Files</Filter>
    </ClCompile>
    <ClCompile Include="src\DLFLLighting.cc">
      <Filter>Source Files</Filter>
    </ClCompile>
    <ClCompile Include="src\DLFLLocator.cc">
      <Filter>Source Files</Filter>
    </ClCompile>
    <ClCompile Include="src\DLFLScriptEditor.cc">
      <Filter>Source Files</Filter>
    </ClCompile>
    <ClCompile Include="src\DLFLSelection.cc">
      <Filter>Source Files</Filter>
    </ClCompile>
    <ClCompile Include="src\DLFLUndo.cc">
      <Filter>Source Files</Filter>
    </ClCompile>
    <ClCompile Include="src\editor.cc">
      <Filter>Source Files</Filter>
    </ClCompile>
    <ClCompile Include="src\ExperimentalModes.cc">
      <Filter>Source Files</Filter>
    </ClCompile>
    <ClCompile Include="src\ExtrusionsMode.cc">
      <Filter>Source Files</Filter>
    </ClCompile>
    <ClCompile Include="src\HighgenusMode.cc">
      <Filter>Source Files</Filter>
    </ClCompile>
    <ClCompile Include="src\main.cc">
      <Filter>Source Files</Filter>
    </ClCompile>
    <ClCompile Include="src\MainWindow.cc">
      <Filter>Source Files</Filter>
    </ClCompile>
    <ClCompile Include="src\MainWindowCallbacks.cc">
      <Filter>Source Files</Filter>
    </ClCompile>
    <ClCompile Include="src\MainWindowRemeshingCallbacks.cc">
      <Filter>Source Files</Filter>
    </ClCompile>
    <ClCompile Include="src\PythonHighlighter.cc">
      <Filter>Source Files</Filter>
    </ClCompile>
    <ClCompile Include="src\qshortcutdialog.cc">
      <Filter>Source Files</Filter>
    </ClCompile>
    <ClCompile Include="src\qshortcutmanager.cc">
      <Filter>Source Files</Filter>
    </ClCompile>
    <ClCompile Include="src\RemeshingMode.cc">
      <Filter>Source Files</Filter>
    </ClCompile>
    <ClCompile Include="src\stylesheeteditor.cc">
      <Filter>Source Files</Filter>
    </ClCompile>
    <ClCompile Include="src\TdxDeviceWrappers.cc">
      <Filter>Source Files</Filter>
    </ClCompile>
    <ClCompile Include="src\TexturingMode.cc">
      <Filter>Source Files</Filter>
    </ClCompile>
    <ClCompile Include="src\TMPatchFace.cc">
      <Filter>Source Files</Filter>
    </ClCompile>
    <ClCompile Include="src\TMPatchObject.cc">
      <Filter>Source Files</Filter>
    </ClCompile>
    <ClCompile Include="src\TopMod.cc">
      <Filter>Source Files</Filter>
    </ClCompile>
    <ClCompile Include="src\TopModPreferences.cc">
      <Filter>Source Files</Filter>
    </ClCompile>
    <ClCompile Include="src\VerseTopMod.cc">
      <Filter>Source Files</Filter>
    </ClCompile>
    <ClCompile Include="GeneratedFiles\qrc_application.cpp">
      <Filter>Generated Files</Filter>
    </ClCompile>
    <ClCompile Include="src\GLWidget.cc">
      <Filter>Source Files</Filter>
    </ClCompile>
    <ClCompile Include="src\BasicsMode.cc">
      <Filter>Source Files</Filter>
    </ClCompile>
    <ClCompile Include="GeneratedFiles\Debug\moc_BasicsMode.cpp">
      <Filter>Generated Files\Debug</Filter>
    </ClCompile>
    <ClCompile Include="GeneratedFiles\Release\moc_BasicsMode.cpp">
      <Filter>Generated Files\Release</Filter>
    </ClCompile>
    <ClCompile Include="GeneratedFiles\Debug\moc_MainWindow.cpp">
      <Filter>Generated Files\Debug</Filter>
    </ClCompile>
    <ClCompile Include="GeneratedFiles\Release\moc_MainWindow.cpp">
      <Filter>Generated Files\Release</Filter>
    </ClCompile>
    <ClCompile Include="GeneratedFiles\Debug\moc_ConicalMode.cpp">
      <Filter>Generated Files\Debug</Filter>
    </ClCompile>
    <ClCompile Include="GeneratedFiles\Release\moc_ConicalMode.cpp">
      <Filter>Generated Files\Release</Filter>
    </ClCompile>
    <ClCompile Include="GeneratedFiles\Debug\moc_ExtrusionsMode.cpp">
      <Filter>Generated Files\Debug</Filter>
    </ClCompile>
    <ClCompile Include="GeneratedFiles\Release\moc_ExtrusionsMode.cpp">
      <Filter>Generated Files\Release</Filter>
    </ClCompile>
    <ClCompile Include="GeneratedFiles\Debug\moc_HighgenusMode.cpp">
      <Filter>Generated Files\Debug</Filter>
    </ClCompile>
    <ClCompile Include="GeneratedFiles\Release\moc_HighgenusMode.cpp">
      <Filter>Generated Files\Release</Filter>
    </ClCompile>
    <ClCompile Include="GeneratedFiles\Debug\moc_RemeshingMode.cpp">
      <Filter>Generated Files\Debug</Filter>
    </ClCompile>
    <ClCompile Include="GeneratedFiles\Release\moc_RemeshingMode.cpp">
      <Filter>Generated Files\Release</Filter>
    </ClCompile>
    <ClCompile Include="GeneratedFiles\Debug\moc_TexturingMode.cpp">
      <Filter>Generated Files\Debug</Filter>
    </ClCompile>
    <ClCompile Include="GeneratedFiles\Release\moc_TexturingMode.cpp">
      <Filter>Generated Files\Release</Filter>
    </ClCompile>
    <ClCompile Include="GeneratedFiles\Debug\moc_ExperimentalModes.cpp">
      <Filter>Generated Files\Debug</Filter>
    </ClCompile>
    <ClCompile Include="GeneratedFiles\Release\moc_ExperimentalModes.cpp">
      <Filter>Generated Files\Release</Filter>
    </ClCompile>
    <ClCompile Include="GeneratedFiles\Debug\moc_editor.cpp">
      <Filter>Generated Files\Debug</Filter>
    </ClCompile>
    <ClCompile Include="GeneratedFiles\Release\moc_editor.cpp">
      <Filter>Generated Files\Release</Filter>
    </ClCompile>
    <ClCompile Include="GeneratedFiles\Debug\moc_GLWidget.cpp">
      <Filter>Generated Files\Debug</Filter>
    </ClCompile>
    <ClCompile Include="GeneratedFiles\Release\moc_GLWidget.cpp">
      <Filter>Generated Files\Release</Filter>
    </ClCompile>
    <ClCompile Include="GeneratedFiles\Debug\moc_PythonHighlighter.cpp">
      <Filter>Generated Files\Debug</Filter>
    </ClCompile>
    <ClCompile Include="GeneratedFiles\Release\moc_PythonHighlighter.cpp">
      <Filter>Generated Files\Release</Filter>
    </ClCompile>
    <ClCompile Include="GeneratedFiles\Debug\moc_TopModPreferences.cpp">
      <Filter>Generated Files\Debug</Filter>
    </ClCompile>
    <ClCompile Include="GeneratedFiles\Release\moc_TopModPreferences.cpp">
      <Filter>Generated Files\Release</Filter>
    </ClCompile>
    <ClCompile Include="GeneratedFiles\Debug\moc_qshortcutdialog.cpp">
      <Filter>Generated Files\Debug</Filter>
    </ClCompile>
    <ClCompile Include="GeneratedFiles\Release\moc_qshortcutdialog.cpp">
      <Filter>Generated Files\Release</Filter>
    </ClCompile>
    <ClCompile Include="GeneratedFiles\Debug\moc_qshortcutmanager.cpp">
      <Filter>Generated Files\Debug</Filter>
    </ClCompile>
    <ClCompile Include="GeneratedFiles\Release\moc_qshortcutmanager.cpp">
      <Filter>Generated Files\Release</Filter>
    </ClCompile>
    <ClCompile Include="GeneratedFiles\Debug\moc_stylesheeteditor.cpp">
      <Filter>Generated Files\Debug</Filter>
    </ClCompile>
    <ClCompile Include="GeneratedFiles\Release\moc_stylesheeteditor.cpp">
      <Filter>Generated Files\Release</Filter>
    </ClCompile>
    <ClCompile Include="GeneratedFiles\Debug\moc_TopMod.cpp">
      <Filter>Generated Files\Debug</Filter>
    </ClCompile>
    <ClCompile Include="GeneratedFiles\Release\moc_TopMod.cpp">
      <Filter>Generated Files\Release</Filter>
    </ClCompile>
    <ClCompile Include="src\Renderer\GeometryRenderer.cc">
      <Filter>Source Files\Renderer</Filter>
    </ClCompile>
    <ClCompile Include="src\Renderer\DLFLRenderer.cc">
      <Filter>Source Files\Renderer</Filter>
    </ClCompile>
  </ItemGroup>
  <ItemGroup>
    <ClInclude Include="include\Base\BaseObject.h">
      <Filter>Header Files\Base</Filter>
    </ClInclude>
    <ClInclude Include="include\Base\Constants.h">
      <Filter>Header Files\Base</Filter>
    </ClInclude>
    <ClInclude Include="include\Base\Inlines.h">
      <Filter>Header Files\Base</Filter>
    </ClInclude>
    <ClInclude Include="include\Base\StreamIO.h">
      <Filter>Header Files\Base</Filter>
    </ClInclude>
    <ClInclude Include="include\Graphics\Camera.h">
      <Filter>Header Files\Graphics</Filter>
    </ClInclude>
    <ClInclude Include="include\Graphics\Color.h">
      <Filter>Header Files\Graphics</Filter>
    </ClInclude>
    <ClInclude Include="include\Graphics\Grid.h">
      <Filter>Header Files\Graphics</Filter>
    </ClInclude>
    <ClInclude Include="include\Graphics\Texture.h">
      <Filter>Header Files\Graphics</Filter>
    </ClInclude>
    <ClInclude Include="include\Graphics\Transform.h">
      <Filter>Header Files\Graphics</Filter>
    </ClInclude>
    <ClInclude Include="include\Graphics\VecMatGL.h">
      <Filter>Header Files\Graphics</Filter>
    </ClInclude>
    <ClInclude Include="include\Camera3.h">
      <Filter>Header Files\include</Filter>
    </ClInclude>
    <ClInclude Include="include\Light\AmbientLight.h">
      <Filter>Header Files\Light</Filter>
    </ClInclude>
    <ClInclude Include="include\Light\Light.h">
      <Filter>Header Files\Light</Filter>
    </ClInclude>
    <ClInclude Include="include\Light\PointLight.h">
      <Filter>Header Files\Light</Filter>
    </ClInclude>
    <ClInclude Include="include\Light\SpotLight.h">
      <Filter>Header Files\Light</Filter>
    </ClInclude>
    <ClInclude Include="src\CgData.h">
      <Filter>Header Files</Filter>
    </ClInclude>
    <ClInclude Include="src\CommandCompleter.h">
      <Filter>Header Files</Filter>
    </ClInclude>
    <ClInclude Include="src\DLFLLighting.h">
      <Filter>Header Files</Filter>
    </ClInclude>
    <ClInclude Include="src\DLFLLocator.h">
      <Filter>Header Files</Filter>
    </ClInclude>
    <ClInclude Include="src\DLFLScriptEditor.h">
      <Filter>Header Files</Filter>
    </ClInclude>
    <ClInclude Include="src\DLFLSelection.h">
      <Filter>Header Files</Filter>
    </ClInclude>
    <ClInclude Include="src\qcumber.h">
      <Filter>Header Files</Filter>
    </ClInclude>
    <ClInclude Include="src\TdxDeviceWrappers.h">
      <Filter>Header Files</Filter>
    </ClInclude>
    <ClInclude Include="src\TMPatch.h">
      <Filter>Header Files</Filter>
    </ClInclude>
    <ClInclude Include="src\TMPatchFace.h">
      <Filter>Header Files</Filter>
    </ClInclude>
    <ClInclude Include="src\TMPatchObject.h">
      <Filter>Header Files</Filter>
    </ClInclude>
    <ClInclude Include="src\VerseTopMod.h">
      <Filter>Header Files</Filter>
    </ClInclude>
    <ClInclude Include="src\Viewport.h">
      <Filter>Header Files</Filter>
    </ClInclude>
    <ClInclude Include="GeneratedFiles\ui_shortcutdialog.h">
      <Filter>Generated Files</Filter>
    </ClInclude>
    <ClInclude Include="GeneratedFiles\ui_stylesheeteditor.h">
      <Filter>Generated Files</Filter>
    </ClInclude>
    <ClInclude Include="src\Renderer\ColorableRenderer.h">
      <Filter>Header Files\Renderer</Filter>
    </ClInclude>
    <ClInclude Include="src\Renderer\DLFLRenderer.h">
      <Filter>Header Files\Renderer</Filter>
    </ClInclude>
    <ClInclude Include="src\Renderer\GeometryRenderer.h">
      <Filter>Header Files\Renderer</Filter>
    </ClInclude>
    <ClInclude Include="src\Renderer\LitRenderer.h">
      <Filter>Header Files\Renderer</Filter>
    </ClInclude>
    <ClInclude Include="src\Renderer\NormalRenderer.h">
      <Filter>Header Files\Renderer</Filter>
    </ClInclude>
    <ClInclude Include="src\Renderer\PatchRenderer.h">
      <Filter>Header Files\Renderer</Filter>
    </ClInclude>
    <ClInclude Include="src\Renderer\ShadedRenderer.h">
      <Filter>Header Files\Renderer</Filter>
    </ClInclude>
    <ClInclude Include="src\Renderer\TexturedLitRenderer.h">
      <Filter>Header Files\Renderer</Filter>
    </ClInclude>
    <ClInclude Include="src\Renderer\TexturedRenderer.h">
      <Filter>Header Files\Renderer</Filter>
    </ClInclude>
    <ClInclude Include="src\Renderer\WireframeRenderer.h">
      <Filter>Header Files\Renderer</Filter>
    </ClInclude>
  </ItemGroup>
  <ItemGroup>
    <CustomBuild Include="application.qrc">
      <Filter>Resource Files</Filter>
    </CustomBuild>
    <CustomBuild Include="src\BasicsMode.h">
      <Filter>Header Files</Filter>
    </CustomBuild>
    <CustomBuild Include="src\MainWindow.h">
      <Filter>Header Files</Filter>
    </CustomBuild>
    <CustomBuild Include="src\ConicalMode.h">
      <Filter>Header Files</Filter>
    </CustomBuild>
    <CustomBuild Include="src\ExtrusionsMode.h">
      <Filter>Header Files</Filter>
    </CustomBuild>
    <CustomBuild Include="src\HighgenusMode.h">
      <Filter>Header Files</Filter>
    </CustomBuild>
    <CustomBuild Include="src\RemeshingMode.h">
      <Filter>Header Files</Filter>
    </CustomBuild>
    <CustomBuild Include="src\TexturingMode.h">
      <Filter>Header Files</Filter>
    </CustomBuild>
    <CustomBuild Include="src\ExperimentalModes.h">
      <Filter>Header Files</Filter>
    </CustomBuild>
    <CustomBuild Include="src\editor.h">
      <Filter>Header Files</Filter>
    </CustomBuild>
    <CustomBuild Include="src\GLWidget.h">
      <Filter>Header Files</Filter>
    </CustomBuild>
    <CustomBuild Include="src\PythonHighlighter.h">
      <Filter>Header Files</Filter>
    </CustomBuild>
    <CustomBuild Include="src\TopModPreferences.h">
      <Filter>Header Files</Filter>
    </CustomBuild>
    <CustomBuild Include="src\qshortcutdialog.h">
      <Filter>Header Files</Filter>
    </CustomBuild>
    <CustomBuild Include="src\qshortcutmanager.h">
      <Filter>Header Files</Filter>
    </CustomBuild>
    <CustomBuild Include="src\stylesheeteditor.h">
      <Filter>Header Files</Filter>
    </CustomBuild>
    <CustomBuild Include="src\TopMod.h">
      <Filter>Header Files</Filter>
    </CustomBuild>
    <CustomBuild Include="shortcutdialog.ui">
      <Filter>Form Files</Filter>
    </CustomBuild>
    <CustomBuild Include="stylesheeteditor.ui">
      <Filter>Form Files</Filter>
    </CustomBuild>
  </ItemGroup>
  <ItemGroup>
    <ResourceCompile Include="topmod.rc">
      <Filter>Resource Files</Filter>
    </ResourceCompile>
  </ItemGroup>
</Project>